{
  "name": "proto-gen-web",
  "version": "1.0.0",
  "lockfileVersion": 3,
  "requires": true,
  "packages": {
    "": {
      "name": "proto-gen-web",
      "version": "1.0.0",
      "dependencies": {
        "@protobuf-ts/runtime": "^2.9.0",
        "@protobuf-ts/runtime-rpc": "^2.9.0"
      },
      "devDependencies": {
        "typescript": "^5.0.4"
      }
    },
    "node_modules/@protobuf-ts/runtime": {
      "version": "2.9.0",
      "resolved": "https://registry.npmjs.org/@protobuf-ts/runtime/-/runtime-2.9.0.tgz",
      "integrity": "sha512-DnJtLZFMglADv9jiawBmg0RaET4a6fNSAaAHuU6Ovw2ZhJ23ehIY0NrlYLS0Lc8HRH0S5rkLI1QF1A1h8uKUnA=="
    },
    "node_modules/@protobuf-ts/runtime-rpc": {
      "version": "2.9.0",
      "resolved": "https://registry.npmjs.org/@protobuf-ts/runtime-rpc/-/runtime-rpc-2.9.0.tgz",
      "integrity": "sha512-h2S86+u2cNJACjzbBubbjKmNrnXkTmJ9yJHW4t7ZVS9xdV1C68blsVIh3Su4ghR8Nlj0459FuIUTsjWR8hA/7g==",
      "dependencies": {
        "@protobuf-ts/runtime": "^2.9.0"
      }
    },
    "node_modules/typescript": {
      "version": "5.1.3",
      "resolved": "https://registry.npmjs.org/typescript/-/typescript-5.1.3.tgz",
      "integrity": "sha512-XH627E9vkeqhlZFQuL+UsyAXEnibT0kWR2FWONlr4sTjvxyJYnyefgrkyECLzM5NenmKzRAy2rR/OlYLA1HkZw==",
      "dev": true,
      "bin": {
        "tsc": "bin/tsc",
        "tsserver": "bin/tsserver"
      },
      "engines": {
        "node": ">=14.17"
      }
    }
  }
}
