{
  "name": "proto",
  "lockfileVersion": 3,
  "requires": true,
  "packages": {
    "": {
      "dependencies": {
        "ts-protoc-gen": "next"
      }
    },
    "node_modules/google-protobuf": {
      "version": "3.21.2",
      "resolved": "https://registry.npmjs.org/google-protobuf/-/google-protobuf-3.21.2.tgz",
      "integrity": "sha512-3MSOYFO5U9mPGikIYCzK0SaThypfGgS6bHqrUGXG3DPHCrb+txNqeEcns1W0lkGfk0rCyNXm7xB9rMxnCiZOoA=="
    },
    "node_modules/ts-protoc-gen": {
      "version": "0.15.1-pre.a71b34e",
      "resolved": "https://registry.npmjs.org/ts-protoc-gen/-/ts-protoc-gen-0.15.1-pre.a71b34e.tgz",
      "integrity": "sha512-0wwdscE2XI2QRb+dBpsYHcIjflUmQbCRRwBtgpwvOrFicLA2bmHDhDaKwmDILBI77Db+XlM6/P24Oh0JmNAmgQ==",
      "dependencies": {
        "google-protobuf": "^3.15.5"
      },
      "bin": {
        "protoc-gen-ts": "bin/protoc-gen-ts"
      }
    }
  }
}
